
Microsoft Visual Studio Solution File, Format Version 12.00
# Visual Studio Version 17
VisualStudioVersion = 17.4.33103.184
MinimumVisualStudioVersion = 10.0.40219.1
Project("{FAE04EC0-301F-11D3-BF4B-00C04F79EFBC}") = "ParsingToyRuConsoleApp", "ParsingToyRuConsoleApp\ParsingToyRuConsoleApp.csproj", "{3FA755F3-B17B-42F0-BD9E-7629F64E95DF}"
EndProject
Global
	GlobalSection(SolutionConfigurationPlatforms) = preSolution
		Debug|Any CPU = Debug|Any CPU
		Release|Any CPU = Release|Any CPU
	EndGlobalSection
	GlobalSection(ProjectConfigurationPlatforms) = postSolution
		{3FA755F3-B17B-42F0-BD9E-7629F64E95DF}.Debug|Any CPU.ActiveCfg = Debug|Any CPU
		{3FA755F3-B17B-42F0-BD9E-7629F64E95DF}.Debug|Any CPU.Build.0 = Debug|Any CPU
		{3FA755F3-B17B-42F0-BD9E-7629F64E95DF}.Release|Any CPU.ActiveCfg = Release|Any CPU
		{3FA755F3-B17B-42F0-BD9E-7629F64E95DF}.Release|Any CPU.Build.0 = Release|Any CPU
	EndGlobalSection
	GlobalSection(SolutionProperties) = preSolution
		HideSolutionNode = FALSE
	EndGlobalSection
	GlobalSection(ExtensibilityGlobals) = postSolution
		SolutionGuid = {BEEDD69E-68A0-4C0B-BA2B-15E8B97E7AA0}
	EndGlobalSection
EndGlobal
